
Microsoft Visual Studio Solution File, Format Version 12.00
# Visual Studio Version 17
VisualStudioVersion = 17.14.36414.22 d17.14
MinimumVisualStudioVersion = 10.0.40219.1
Project("{FAE04EC0-301F-11D3-BF4B-00C04F79EFBC}") = "SubscriptionManager.API", "SubscriptionManager.API\SubscriptionManager.API.csproj", "{FDFD58D6-AD61-4CBD-9331-AC8B64B16131}"
EndProject
Project("{FAE04EC0-301F-11D3-BF4B-00C04F79EFBC}") = "SubscriptionManager.Core", "SubscriptionManager.Core\SubscriptionManager.Core.csproj", "{F66012CA-57A3-47CA-85A6-A7BAE6712100}"
EndProject
Project("{FAE04EC0-301F-11D3-BF4B-00C04F79EFBC}") = "SubscriptionManager.Infrastructure", "SubscriptionManager.Infrastructure\SubscriptionManager.Infrastructure.csproj", "{BD88C16E-DD76-44E7-AECA-BA840635DD82}"
EndProject
Project("{FAE04EC0-301F-11D3-BF4B-00C04F79EFBC}") = "SubscriptionManager.Shared", "SubscriptionManager.Shared\SubscriptionManager.Shared.csproj", "{11A05CB1-393C-4BEF-A019-410CDBEA2177}"
EndProject
Global
	GlobalSection(SolutionConfigurationPlatforms) = preSolution
		Debug|Any CPU = Debug|Any CPU
		Release|Any CPU = Release|Any CPU
	EndGlobalSection
	GlobalSection(ProjectConfigurationPlatforms) = postSolution
		{FDFD58D6-AD61-4CBD-9331-AC8B64B16131}.Debug|Any CPU.ActiveCfg = Debug|Any CPU
		{FDFD58D6-AD61-4CBD-9331-AC8B64B16131}.Debug|Any CPU.Build.0 = Debug|Any CPU
		{FDFD58D6-AD61-4CBD-9331-AC8B64B16131}.Release|Any CPU.ActiveCfg = Release|Any CPU
		{FDFD58D6-AD61-4CBD-9331-AC8B64B16131}.Release|Any CPU.Build.0 = Release|Any CPU
		{F66012CA-57A3-47CA-85A6-A7BAE6712100}.Debug|Any CPU.ActiveCfg = Debug|Any CPU
		{F66012CA-57A3-47CA-85A6-A7BAE6712100}.Debug|Any CPU.Build.0 = Debug|Any CPU
		{F66012CA-57A3-47CA-85A6-A7BAE6712100}.Release|Any CPU.ActiveCfg = Release|Any CPU
		{F66012CA-57A3-47CA-85A6-A7BAE6712100}.Release|Any CPU.Build.0 = Release|Any CPU
		{BD88C16E-DD76-44E7-AECA-BA840635DD82}.Debug|Any CPU.ActiveCfg = Debug|Any CPU
		{BD88C16E-DD76-44E7-AECA-BA840635DD82}.Debug|Any CPU.Build.0 = Debug|Any CPU
		{BD88C16E-DD76-44E7-AECA-BA840635DD82}.Release|Any CPU.ActiveCfg = Release|Any CPU
		{BD88C16E-DD76-44E7-AECA-BA840635DD82}.Release|Any CPU.Build.0 = Release|Any CPU
		{11A05CB1-393C-4BEF-A019-410CDBEA2177}.Debug|Any CPU.ActiveCfg = Debug|Any CPU
		{11A05CB1-393C-4BEF-A019-410CDBEA2177}.Debug|Any CPU.Build.0 = Debug|Any CPU
		{11A05CB1-393C-4BEF-A019-410CDBEA2177}.Release|Any CPU.ActiveCfg = Release|Any CPU
		{11A05CB1-393C-4BEF-A019-410CDBEA2177}.Release|Any CPU.Build.0 = Release|Any CPU
	EndGlobalSection
	GlobalSection(SolutionProperties) = preSolution
		HideSolutionNode = FALSE
	EndGlobalSection
	GlobalSection(ExtensibilityGlobals) = postSolution
		SolutionGuid = {B4A9EE22-B3B8-4333-972D-CF57DAA1516B}
	EndGlobalSection
EndGlobal
